<?xml version="1.0" encoding="utf-8"?>
<Project ToolsVersion="4.0" xmlns="http://schemas.microsoft.com/developer/msbuild/2003">
  <ItemGroup>
    <Filter Include="Source Files">
      <UniqueIdentifier>{4FC737F1-C7A5-4376-A066-2A32D752A2FF}</UniqueIdentifier>
      <Extensions>cpp;c;cc;cxx;def;odl;idl;hpj;bat;asm;asmx</Extensions>
    </Filter>
    <Filter Include="Header Files">
      <UniqueIdentifier>{93995380-89BD-4b04-88EB-625FBE52EBFB}</UniqueIdentifier>
      <Extensions>h;hh;hpp;hxx;hm;inl;inc;xsd</Extensions>
    </Filter>
    <Filter Include="Resource Files">
      <UniqueIdentifier>{67DA6AB6-F800-4c08-8B7A-83BB121AAD01}</UniqueIdentifier>
      <Extensions>rc;ico;cur;bmp;dlg;rc2;rct;bin;rgs;gif;jpg;jpeg;jpe;resx;tiff;tif;png;wav;mfcribbon-ms</Extensions>
    </Filter>
    <Filter Include="util">
      <UniqueIdentifier>{35b40f1d-eb81-47dd-9399-2f0c7d5c07ce}</UniqueIdentifier>
    </Filter>
    <Filter Include="simutil">
      <UniqueIdentifier>{938d58cf-26a3-4989-a669-51fd04517bf6}</UniqueIdentifier>
    </Filter>
  </ItemGroup>
  <ItemGroup>
    <ClCompile Include="main.cpp">
      <Filter>Source Files</Filter>
    </ClCompile>
    <ClCompile Include="LangevinIntegrator.cpp">
      <Filter>Source Files</Filter>
    </ClCompile>
    <ClCompile Include="Input.cpp">
      <Filter>Source Files</Filter>
    </ClCompile>
    <ClCompile Include="BrownianForce.cpp">
      <Filter>Source Files</Filter>
    </ClCompile>
    <ClCompile Include="mathutil.cpp">
      <Filter>Source Files</Filter>
    </ClCompile>
    <ClCompile Include="MorseForce.cpp">
      <Filter>Source Files</Filter>
    </ClCompile>
    <ClCompile Include="Dumper.cpp">
      <Filter>Source Files</Filter>
    </ClCompile>
    <ClCompile Include="SwimForce.cpp">
      <Filter>Source Files</Filter>
    </ClCompile>
    <ClCompile Include="SwimForce3d.cpp">
      <Filter>Source Files</Filter>
    </ClCompile>
    <ClCompile Include="Compute.cpp">
      <Filter>Source Files</Filter>
    </ClCompile>
  </ItemGroup>
  <ItemGroup>
    <ClInclude Include="Input.h">
      <Filter>Header Files</Filter>
    </ClInclude>
    <ClInclude Include="Integrator.h">
      <Filter>Header Files</Filter>
    </ClInclude>
    <ClInclude Include="System.h">
      <Filter>Header Files</Filter>
    </ClInclude>
    <ClInclude Include="vec.h">
      <Filter>util</Filter>
    </ClInclude>
    <ClInclude Include="includes.h">
      <Filter>util</Filter>
    </ClInclude>
    <ClInclude Include="mathutil.h">
      <Filter>util</Filter>
    </ClInclude>
    <ClInclude Include="threadpool.h">
      <Filter>util</Filter>
    </ClInclude>
    <ClInclude Include="Dumper.h">
      <Filter>Header Files</Filter>
    </ClInclude>
    <ClInclude Include="Force.h">
      <Filter>Header Files</Filter>
    </ClInclude>
    <ClInclude Include="neighlist.h">
      <Filter>simutil</Filter>
    </ClInclude>
    <ClInclude Include="pbc.h">
      <Filter>simutil</Filter>
    </ClInclude>
    <ClInclude Include="dimension.h">
      <Filter>util</Filter>
    </ClInclude>
    <ClInclude Include="Context.h">
      <Filter>Header Files</Filter>
    </ClInclude>
    <ClInclude Include="dict.h">
      <Filter>util</Filter>
    </ClInclude>
    <ClInclude Include="Serializer.h">
      <Filter>Header Files</Filter>
    </ClInclude>
    <ClInclude Include="defines.h">
      <Filter>util</Filter>
    </ClInclude>
    <ClInclude Include="timer.h">
      <Filter>util</Filter>
    </ClInclude>
    <ClInclude Include="old_input.h">
      <Filter>Header Files</Filter>
    </ClInclude>
    <ClInclude Include="Compute.h">
      <Filter>Header Files</Filter>
    </ClInclude>
    <ClInclude Include="Thermo.h">
      <Filter>Header Files</Filter>
    </ClInclude>
    <ClInclude Include="vecutil.h">
      <Filter>Header Files</Filter>
    </ClInclude>
    <ClInclude Include="resources.h">
      <Filter>util</Filter>
    </ClInclude>
    <ClInclude Include="output.h">
      <Filter>Header Files</Filter>
    </ClInclude>
    <ClInclude Include="arrayutil.h">
      <Filter>util</Filter>
    </ClInclude>
  </ItemGroup>
  <ItemGroup>
    <None Include="..\.gitignore" />
  </ItemGroup>
</Project>